
Microsoft Visual Studio Solution File, Format Version 12.00
# Visual Studio Version 17
VisualStudioVersion = 17.13.35931.197 d17.13
MinimumVisualStudioVersion = 10.0.40219.1
Project("{FAE04EC0-301F-11D3-BF4B-00C04F79EFBC}") = "ShortLink.API", "src\ShortLink.API\ShortLink.API.csproj", "{C88C482C-136E-447E-B2FC-BFDB1891BB1C}"
EndProject
Project("{FAE04EC0-301F-11D3-BF4B-00C04F79EFBC}") = "ShortLink.Application", "src\ShortLink.Application\ShortLink.Application.csproj", "{F1C0FF2B-F42D-4FBB-8869-408A2149ED5C}"
EndProject
Project("{FAE04EC0-301F-11D3-BF4B-00C04F79EFBC}") = "ShortLink.Communication", "src\ShortLink.Communication\ShortLink.Communication.csproj", "{EF8BD5E6-6376-4663-B1A3-FBE71C7D5287}"
EndProject
Project("{FAE04EC0-301F-11D3-BF4B-00C04F79EFBC}") = "ShortLink.Exception", "src\ShortLink.Exception\ShortLink.Exception.csproj", "{81C73689-7D3C-42B9-BF1F-3467B4E2CC54}"
EndProject
Project("{FAE04EC0-301F-11D3-BF4B-00C04F79EFBC}") = "ShortLink.Domain", "src\ShortLink.Domain\ShortLink.Domain.csproj", "{4341646C-51CE-406B-8911-C3D519B3C23F}"
EndProject
Project("{FAE04EC0-301F-11D3-BF4B-00C04F79EFBC}") = "ShortLink.Infrastructure", "src\ShortLink.Infrastructure\ShortLink.Infrastructure.csproj", "{EBFD40DB-D614-48C0-B4E4-8CD8478932BF}"
EndProject
Global
	GlobalSection(SolutionConfigurationPlatforms) = preSolution
		Debug|Any CPU = Debug|Any CPU
		Release|Any CPU = Release|Any CPU
	EndGlobalSection
	GlobalSection(ProjectConfigurationPlatforms) = postSolution
		{C88C482C-136E-447E-B2FC-BFDB1891BB1C}.Debug|Any CPU.ActiveCfg = Debug|Any CPU
		{C88C482C-136E-447E-B2FC-BFDB1891BB1C}.Debug|Any CPU.Build.0 = Debug|Any CPU
		{C88C482C-136E-447E-B2FC-BFDB1891BB1C}.Release|Any CPU.ActiveCfg = Release|Any CPU
		{C88C482C-136E-447E-B2FC-BFDB1891BB1C}.Release|Any CPU.Build.0 = Release|Any CPU
		{F1C0FF2B-F42D-4FBB-8869-408A2149ED5C}.Debug|Any CPU.ActiveCfg = Debug|Any CPU
		{F1C0FF2B-F42D-4FBB-8869-408A2149ED5C}.Debug|Any CPU.Build.0 = Debug|Any CPU
		{F1C0FF2B-F42D-4FBB-8869-408A2149ED5C}.Release|Any CPU.ActiveCfg = Release|Any CPU
		{F1C0FF2B-F42D-4FBB-8869-408A2149ED5C}.Release|Any CPU.Build.0 = Release|Any CPU
		{EF8BD5E6-6376-4663-B1A3-FBE71C7D5287}.Debug|Any CPU.ActiveCfg = Debug|Any CPU
		{EF8BD5E6-6376-4663-B1A3-FBE71C7D5287}.Debug|Any CPU.Build.0 = Debug|Any CPU
		{EF8BD5E6-6376-4663-B1A3-FBE71C7D5287}.Release|Any CPU.ActiveCfg = Release|Any CPU
		{EF8BD5E6-6376-4663-B1A3-FBE71C7D5287}.Release|Any CPU.Build.0 = Release|Any CPU
		{81C73689-7D3C-42B9-BF1F-3467B4E2CC54}.Debug|Any CPU.ActiveCfg = Debug|Any CPU
		{81C73689-7D3C-42B9-BF1F-3467B4E2CC54}.Debug|Any CPU.Build.0 = Debug|Any CPU
		{81C73689-7D3C-42B9-BF1F-3467B4E2CC54}.Release|Any CPU.ActiveCfg = Release|Any CPU
		{81C73689-7D3C-42B9-BF1F-3467B4E2CC54}.Release|Any CPU.Build.0 = Release|Any CPU
		{4341646C-51CE-406B-8911-C3D519B3C23F}.Debug|Any CPU.ActiveCfg = Debug|Any CPU
		{4341646C-51CE-406B-8911-C3D519B3C23F}.Debug|Any CPU.Build.0 = Debug|Any CPU
		{4341646C-51CE-406B-8911-C3D519B3C23F}.Release|Any CPU.ActiveCfg = Release|Any CPU
		{4341646C-51CE-406B-8911-C3D519B3C23F}.Release|Any CPU.Build.0 = Release|Any CPU
		{EBFD40DB-D614-48C0-B4E4-8CD8478932BF}.Debug|Any CPU.ActiveCfg = Debug|Any CPU
		{EBFD40DB-D614-48C0-B4E4-8CD8478932BF}.Debug|Any CPU.Build.0 = Debug|Any CPU
		{EBFD40DB-D614-48C0-B4E4-8CD8478932BF}.Release|Any CPU.ActiveCfg = Release|Any CPU
		{EBFD40DB-D614-48C0-B4E4-8CD8478932BF}.Release|Any CPU.Build.0 = Release|Any CPU
	EndGlobalSection
	GlobalSection(SolutionProperties) = preSolution
		HideSolutionNode = FALSE
	EndGlobalSection
	GlobalSection(ExtensibilityGlobals) = postSolution
		SolutionGuid = {903AD5CC-6219-478B-96E5-21684C0B985F}
	EndGlobalSection
EndGlobal
